
Microsoft Visual Studio Solution File, Format Version 12.00
# Visual Studio Version 16
VisualStudioVersion = 16.0.30320.27
MinimumVisualStudioVersion = 10.0.40219.1
Project("{FAE04EC0-301F-11D3-BF4B-00C04F79EFBC}") = "Parrilla3", "Parrilla3.csproj", "{E0DD8D61-077D-4284-AB20-8358A2885AA9}"
EndProject
Global
	GlobalSection(SolutionConfigurationPlatforms) = preSolution
		Debug|Any CPU = Debug|Any CPU
		Release|Any CPU = Release|Any CPU
	EndGlobalSection
	GlobalSection(ProjectConfigurationPlatforms) = postSolution
		{E0DD8D61-077D-4284-AB20-8358A2885AA9}.Debug|Any CPU.ActiveCfg = Debug|Any CPU
		{E0DD8D61-077D-4284-AB20-8358A2885AA9}.Debug|Any CPU.Build.0 = Debug|Any CPU
		{E0DD8D61-077D-4284-AB20-8358A2885AA9}.Release|Any CPU.ActiveCfg = Release|Any CPU
		{E0DD8D61-077D-4284-AB20-8358A2885AA9}.Release|Any CPU.Build.0 = Release|Any CPU
	EndGlobalSection
	GlobalSection(SolutionProperties) = preSolution
		HideSolutionNode = FALSE
	EndGlobalSection
	GlobalSection(ExtensibilityGlobals) = postSolution
		SolutionGuid = {F06452EB-50D6-490E-B074-B502C6E8D414}
	EndGlobalSection
EndGlobal
